Microsoft Visual Studio Solution File, Format Version 12.00
# Visual Studio Version 17
VisualStudioVersion = 17.0.31611.283
MinimumVisualStudioVersion = 10.0.40219.1
Project("{9A19103F-16F7-4668-BE54-9A1E7A4F7556}") = "BoardingPassComponents", "BoardingPassComponents\BoardingPassComponents.csproj", "{89AE1580-D3BC-41D9-BC05-C84CEFB5BA4D}"
EndProject
Project("{9A19103F-16F7-4668-BE54-9A1E7A4F7556}") = "BoardingPassWasmApp", "BoardingPassWasmApp\BoardingPassWasmApp.csproj", "{E2AEF261-6C48-40D9-9F93-B5629CC009B8}"
EndProject
Project("{9A19103F-16F7-4668-BE54-9A1E7A4F7556}") = "BoardingPassShared", "BoardingPassShared\BoardingPassShared.csproj", "{B819EBBE-362E-4E6D-AEA5-C7421E7CA6D3}"
EndProject
Project("{9A19103F-16F7-4668-BE54-9A1E7A4F7556}") = "BoardingPassPlatformApp", "BoardingPassPlatformApp\BoardingPassPlatformApp.csproj", "{CA71E0B1-D56A-45AD-89AC-CF63FDB1F3F9}"
EndProject
Project("{9A19103F-16F7-4668-BE54-9A1E7A4F7556}") = "BoardingPassApi", "BoardingPassApi\BoardingPassApi.csproj", "{6D8582D7-59CA-43CC-812E-E58BC2565BB5}"
EndProject
Project("{FAE04EC0-301F-11D3-BF4B-00C04F79EFBC}") = "BoardingPassComponents.Tests", "BoardingPassComponents.Tests\BoardingPassComponents.Tests.csproj", "{C125C88D-91B9-44FE-80A3-5418261E205F}"
EndProject
Global
	GlobalSection(SolutionConfigurationPlatforms) = preSolution
		Debug|Any CPU = Debug|Any CPU
		Release|Any CPU = Release|Any CPU
	EndGlobalSection
	GlobalSection(ProjectConfigurationPlatforms) = postSolution
		{89AE1580-D3BC-41D9-BC05-C84CEFB5BA4D}.Debug|Any CPU.ActiveCfg = Debug|Any CPU
		{89AE1580-D3BC-41D9-BC05-C84CEFB5BA4D}.Debug|Any CPU.Build.0 = Debug|Any CPU
		{89AE1580-D3BC-41D9-BC05-C84CEFB5BA4D}.Release|Any CPU.ActiveCfg = Release|Any CPU
		{89AE1580-D3BC-41D9-BC05-C84CEFB5BA4D}.Release|Any CPU.Build.0 = Release|Any CPU
		{E2AEF261-6C48-40D9-9F93-B5629CC009B8}.Debug|Any CPU.ActiveCfg = Debug|Any CPU
		{E2AEF261-6C48-40D9-9F93-B5629CC009B8}.Debug|Any CPU.Build.0 = Debug|Any CPU
		{E2AEF261-6C48-40D9-9F93-B5629CC009B8}.Release|Any CPU.ActiveCfg = Release|Any CPU
		{E2AEF261-6C48-40D9-9F93-B5629CC009B8}.Release|Any CPU.Build.0 = Release|Any CPU
		{B819EBBE-362E-4E6D-AEA5-C7421E7CA6D3}.Debug|Any CPU.ActiveCfg = Debug|Any CPU
		{B819EBBE-362E-4E6D-AEA5-C7421E7CA6D3}.Debug|Any CPU.Build.0 = Debug|Any CPU
		{B819EBBE-362E-4E6D-AEA5-C7421E7CA6D3}.Release|Any CPU.ActiveCfg = Release|Any CPU
		{B819EBBE-362E-4E6D-AEA5-C7421E7CA6D3}.Release|Any CPU.Build.0 = Release|Any CPU
		{CA71E0B1-D56A-45AD-89AC-CF63FDB1F3F9}.Debug|Any CPU.ActiveCfg = Debug|Any CPU
		{CA71E0B1-D56A-45AD-89AC-CF63FDB1F3F9}.Debug|Any CPU.Build.0 = Debug|Any CPU
		{CA71E0B1-D56A-45AD-89AC-CF63FDB1F3F9}.Debug|Any CPU.Deploy.0 = Debug|Any CPU
		{CA71E0B1-D56A-45AD-89AC-CF63FDB1F3F9}.Release|Any CPU.ActiveCfg = Release|Any CPU
		{CA71E0B1-D56A-45AD-89AC-CF63FDB1F3F9}.Release|Any CPU.Build.0 = Release|Any CPU
		{CA71E0B1-D56A-45AD-89AC-CF63FDB1F3F9}.Release|Any CPU.Deploy.0 = Release|Any CPU
		{6D8582D7-59CA-43CC-812E-E58BC2565BB5}.Debug|Any CPU.ActiveCfg = Debug|Any CPU
		{6D8582D7-59CA-43CC-812E-E58BC2565BB5}.Debug|Any CPU.Build.0 = Debug|Any CPU
		{6D8582D7-59CA-43CC-812E-E58BC2565BB5}.Release|Any CPU.ActiveCfg = Release|Any CPU
		{6D8582D7-59CA-43CC-812E-E58BC2565BB5}.Release|Any CPU.Build.0 = Release|Any CPU
		{C125C88D-91B9-44FE-80A3-5418261E205F}.Debug|Any CPU.ActiveCfg = Debug|Any CPU
		{C125C88D-91B9-44FE-80A3-5418261E205F}.Debug|Any CPU.Build.0 = Debug|Any CPU
		{C125C88D-91B9-44FE-80A3-5418261E205F}.Release|Any CPU.ActiveCfg = Release|Any CPU
		{C125C88D-91B9-44FE-80A3-5418261E205F}.Release|Any CPU.Build.0 = Release|Any CPU
	EndGlobalSection
	GlobalSection(SolutionProperties) = preSolution
		HideSolutionNode = FALSE
	EndGlobalSection
	GlobalSection(ExtensibilityGlobals) = postSolution
		SolutionGuid = {61F7FB11-1E47-470C-91E2-47F8143E1572}
	EndGlobalSection
EndGlobal
